PODS:
  - Kiwi (2.3.1)
  - KZAsserts (1.0)
  - UIAlertView-Blocks (1.0)

DEPENDENCIES:
  - Kiwi (= 2.3.1)
  - KZAsserts (= 1.0)
  - UIAlertView-Blocks (= 1.0)

SPEC CHECKSUMS:
  Kiwi: f038a6c61f7a9e4d7766bff5717aa3b3fdb75f55
  KZAsserts: 6e613b569a33582dc94cf7a1f34a2c6d870982a7
  UIAlertView-Blocks: 7904744fca618afbd2ec646608924f5e69d5acd1

COCOAPODS: 0.35.0
