// !$*UTF8*$!
{
	archiveVersion = 1;
	classes = {
	};
	objectVersion = 46;
	objects = {

/* Begin PBXBuildFile section */
		2191FDED734A6C8015795DDD /* libPods.a in Frameworks */ = {isa = PBXBuildFile; fileRef = E3138C917A5D6846C5FBC483 /* libPods.a */; };
		3108E7851AF7BA3700E02C07 /* TWOrientationChangeDetector.m in Sources */ = {isa = PBXBuildFile; fileRef = 3108E7841AF7BA3700E02C07 /* TWOrientationChangeDetector.m */; };
		311B79EA1AF0EA7F00E97FBC /* TWLocationUpdatesManager.m in Sources */ = {isa = PBXBuildFile; fileRef = 311B79E91AF0EA7F00E97FBC /* TWLocationUpdatesManager.m */; };
		311B79F41AF107F800E97FBC /* UIView+TWFadeAnimations.m in Sources */ = {isa = PBXBuildFile; fileRef = 311B79F31AF107F800E97FBC /* UIView+TWFadeAnimations.m */; };
		311B79FC1AF1471400E97FBC /* NSObject+TWObjectLifetime.m in Sources */ = {isa = PBXBuildFile; fileRef = 311B79FB1AF1471400E97FBC /* NSObject+TWObjectLifetime.m */; };
		311B7A011AF26FA200E97FBC /* NSSet+TWSetByRemoving.m in Sources */ = {isa = PBXBuildFile; fileRef = 311B7A001AF26FA200E97FBC /* NSSet+TWSetByRemoving.m */; };
		311B7A0B1AF3F2A300E97FBC /* SimpleTableViewSpec.m in Sources */ = {isa = PBXBuildFile; fileRef = 311B7A0A1AF3F2A300E97FBC /* SimpleTableViewSpec.m */; };
		312D5FCF1AFABD6200813EE8 /* TWDataWriteHelper.m in Sources */ = {isa = PBXBuildFile; fileRef = 312D5FCE1AFABD6200813EE8 /* TWDataWriteHelper.m */; };
		318394861AED9E2A0077C079 /* main.m in Sources */ = {isa = PBXBuildFile; fileRef = 318394851AED9E2A0077C079 /* main.m */; };
		318394891AED9E2A0077C079 /* AppDelegate.m in Sources */ = {isa = PBXBuildFile; fileRef = 318394881AED9E2A0077C079 /* AppDelegate.m */; };
		318394AD1AEDA1850077C079 /* TWArrayTableViewDataSource.m in Sources */ = {isa = PBXBuildFile; fileRef = 318394AC1AEDA1850077C079 /* TWArrayTableViewDataSource.m */; };
		318394B41AEDA85D0077C079 /* TWDispatchMacros.m in Sources */ = {isa = PBXBuildFile; fileRef = 318394B31AEDA85D0077C079 /* TWDispatchMacros.m */; };
		318394B91AEDA9E90077C079 /* TWSimpleTableViewDelegate.m in Sources */ = {isa = PBXBuildFile; fileRef = 318394B81AEDA9E90077C079 /* TWSimpleTableViewDelegate.m */; };
		318395021AF006080077C079 /* TWJSONHelper.m in Sources */ = {isa = PBXBuildFile; fileRef = 318395011AF006080077C079 /* TWJSONHelper.m */; };
		3194128D1AF40F5E00D676A3 /* TWSimpleTableViewDataSource.m in Sources */ = {isa = PBXBuildFile; fileRef = 3194128C1AF40F5E00D676A3 /* TWSimpleTableViewDataSource.m */; };
		319412931AF410AC00D676A3 /* TWSimpleTableViewCell.m in Sources */ = {isa = PBXBuildFile; fileRef = 319412921AF410AC00D676A3 /* TWSimpleTableViewCell.m */; };
		319412941AF410AC00D676A3 /* TWSimpleTableViewCell.m in Sources */ = {isa = PBXBuildFile; fileRef = 319412921AF410AC00D676A3 /* TWSimpleTableViewCell.m */; };
		319412971AF412E000D676A3 /* libPods-KZAsserts.a in Frameworks */ = {isa = PBXBuildFile; fileRef = 319412961AF412E000D676A3 /* libPods-KZAsserts.a */; };
		319412981AF412FD00D676A3 /* TWSimpleTableViewDataSource.m in Sources */ = {isa = PBXBuildFile; fileRef = 3194128C1AF40F5E00D676A3 /* TWSimpleTableViewDataSource.m */; };
		31BFFB651AF7C5DC00645566 /* TWOrientationChangeDetectorUsingAccelerometer.m in Sources */ = {isa = PBXBuildFile; fileRef = 31BFFB641AF7C5DC00645566 /* TWOrientationChangeDetectorUsingAccelerometer.m */; };
		31BFFB751AF8349B00645566 /* TWMapKitHelper.m in Sources */ = {isa = PBXBuildFile; fileRef = 31BFFB741AF8349B00645566 /* TWMapKitHelper.m */; };
		31BFFB771AF834E700645566 /* MapKit.framework in Frameworks */ = {isa = PBXBuildFile; fileRef = 31BFFB761AF834E700645566 /* MapKit.framework */; };
		31BFFB8D1AF9535000645566 /* TWItemsToSeguesMapping.m in Sources */ = {isa = PBXBuildFile; fileRef = 31BFFB8C1AF9535000645566 /* TWItemsToSeguesMapping.m */; };
		31BFFB9B1AF974AD00645566 /* NSLayoutConstraint+TWAnimations.m in Sources */ = {isa = PBXBuildFile; fileRef = 31BFFB9A1AF974AD00645566 /* NSLayoutConstraint+TWAnimations.m */; };
		31BFFB9F1AF9841C00645566 /* UIImagePickerController+TWCameraDeviceSwitching.m in Sources */ = {isa = PBXBuildFile; fileRef = 31BFFB9E1AF9841B00645566 /* UIImagePickerController+TWCameraDeviceSwitching.m */; };
		31D6459E1AFB6E63003B4262 /* TWAlertFactory.m in Sources */ = {isa = PBXBuildFile; fileRef = 31D6459D1AFB6E63003B4262 /* TWAlertFactory.m */; };
		31D645AB1AFD4D55003B4262 /* TWRectangleMath.m in Sources */ = {isa = PBXBuildFile; fileRef = 31D645AA1AFD4D55003B4262 /* TWRectangleMath.m */; };
		31D645AE1AFD5B62003B4262 /* TWCommonFunctions.m in Sources */ = {isa = PBXBuildFile; fileRef = 31D645AC1AFD5B62003B4262 /* TWCommonFunctions.m */; };
		31D645B31AFD7121003B4262 /* TWCoordinateSystemConverter.m in Sources */ = {isa = PBXBuildFile; fileRef = 31D645B21AFD7121003B4262 /* TWCoordinateSystemConverter.m */; };
		31D645B61AFD77BD003B4262 /* UIImage+TWByOverlayingImage.m in Sources */ = {isa = PBXBuildFile; fileRef = 31D645B51AFD77BD003B4262 /* UIImage+TWByOverlayingImage.m */; };
		31D645BF1AFD7CFE003B4262 /* UIImage+TWCreateImage.m in Sources */ = {isa = PBXBuildFile; fileRef = 31D645BE1AFD7CFE003B4262 /* UIImage+TWCreateImage.m */; };
		31D645C71AFE55CE003B4262 /* TWUIImagePickerHelper.m in Sources */ = {isa = PBXBuildFile; fileRef = 31D645C61AFE55CE003B4262 /* TWUIImagePickerHelper.m */; };
		31D645CB1AFE5896003B4262 /* UIImage+TWConvenience.m in Sources */ = {isa = PBXBuildFile; fileRef = 31D645CA1AFE5896003B4262 /* UIImage+TWConvenience.m */; };
		31D645D01AFE5AF4003B4262 /* UIView+TWSizes.m in Sources */ = {isa = PBXBuildFile; fileRef = 31D645CF1AFE5AF4003B4262 /* UIView+TWSizes.m */; };
		31D645DB1B0271D7003B4262 /* UIViewController+PerformSegueMapping.m in Sources */ = {isa = PBXBuildFile; fileRef = 31D645DA1B0271D7003B4262 /* UIViewController+PerformSegueMapping.m */; };
		31D6DACC1AFA27C100432340 /* CoreMotion.framework in Frameworks */ = {isa = PBXBuildFile; fileRef = 31D6DACB1AFA27C100432340 /* CoreMotion.framework */; };
		A86732DF40FAD105BED86FD5 /* libPods-TWCommonLibTests.a in Frameworks */ = {isa = PBXBuildFile; fileRef = AE0F4A21293B1FD010B403D9 /* libPods-TWCommonLibTests.a */; };
/* End PBXBuildFile section */

/* Begin PBXContainerItemProxy section */
		311B7A0C1AF3F2A300E97FBC /* PBXContainerItemProxy */ = {
			isa = PBXContainerItemProxy;
			containerPortal = 318394781AED9E2A0077C079 /* Project object */;
			proxyType = 1;
			remoteGlobalIDString = 3183947F1AED9E2A0077C079;
			remoteInfo = TWCommonLib;
		};
/* End PBXContainerItemProxy section */

/* Begin PBXFileReference section */
		3079B227CB46AFBD701DB7DC /* Pods.release.xcconfig */ = {isa = PBXFileReference; includeInIndex = 1; lastKnownFileType = text.xcconfig; name = Pods.release.xcconfig; path = "Pods/Target Support Files/Pods/Pods.release.xcconfig"; sourceTree = "<group>"; };
		3108E7831AF7BA3700E02C07 /* TWOrientationChangeDetector.h */ = {isa = PBXFileReference; fileEncoding = 4; lastKnownFileType = sourcecode.c.h; path = TWOrientationChangeDetector.h; sourceTree = "<group>"; };
		3108E7841AF7BA3700E02C07 /* TWOrientationChangeDetector.m */ = {isa = PBXFileReference; fileEncoding = 4; lastKnownFileType = sourcecode.c.objc; path = TWOrientationChangeDetector.m; sourceTree = "<group>"; };
		311B79E81AF0EA7F00E97FBC /* TWLocationUpdatesManager.h */ = {isa = PBXFileReference; fileEncoding = 4; lastKnownFileType = sourcecode.c.h; path = TWLocationUpdatesManager.h; sourceTree = "<group>"; };
		311B79E91AF0EA7F00E97FBC /* TWLocationUpdatesManager.m */ = {isa = PBXFileReference; fileEncoding = 4; lastKnownFileType = sourcecode.c.objc; path = TWLocationUpdatesManager.m; sourceTree = "<group>"; };
		311B79F21AF107F800E97FBC /* UIView+TWFadeAnimations.h */ = {isa = PBXFileReference; fileEncoding = 4; lastKnownFileType = sourcecode.c.h; path = "UIView+TWFadeAnimations.h"; sourceTree = "<group>"; };
		311B79F31AF107F800E97FBC /* UIView+TWFadeAnimations.m */ = {isa = PBXFileReference; fileEncoding = 4; lastKnownFileType = sourcecode.c.objc; path = "UIView+TWFadeAnimations.m"; sourceTree = "<group>"; };
		311B79FA1AF1471400E97FBC /* NSObject+TWObjectLifetime.h */ = {isa = PBXFileReference; fileEncoding = 4; lastKnownFileType = sourcecode.c.h; path = "NSObject+TWObjectLifetime.h"; sourceTree = "<group>"; };
		311B79FB1AF1471400E97FBC /* NSObject+TWObjectLifetime.m */ = {isa = PBXFileReference; fileEncoding = 4; lastKnownFileType = sourcecode.c.objc; path = "NSObject+TWObjectLifetime.m"; sourceTree = "<group>"; };
		311B79FF1AF26FA200E97FBC /* NSSet+TWSetByRemoving.h */ = {isa = PBXFileReference; fileEncoding = 4; lastKnownFileType = sourcecode.c.h; path = "NSSet+TWSetByRemoving.h"; sourceTree = "<group>"; };
		311B7A001AF26FA200E97FBC /* NSSet+TWSetByRemoving.m */ = {isa = PBXFileReference; fileEncoding = 4; lastKnownFileType = sourcecode.c.objc; path = "NSSet+TWSetByRemoving.m"; sourceTree = "<group>"; };
		311B7A061AF3F2A200E97FBC /* TWCommonLibTests.xctest */ = {isa = PBXFileReference; explicitFileType = wrapper.cfbundle; includeInIndex = 0; path = TWCommonLibTests.xctest; sourceTree = BUILT_PRODUCTS_DIR; };
		311B7A091AF3F2A200E97FBC /* Info.plist */ = {isa = PBXFileReference; lastKnownFileType = text.plist.xml; path = Info.plist; sourceTree = "<group>"; };
		311B7A0A1AF3F2A300E97FBC /* SimpleTableViewSpec.m */ = {isa = PBXFileReference; lastKnownFileType = sourcecode.c.objc; path = SimpleTableViewSpec.m; sourceTree = "<group>"; };
		312D5FCD1AFABD6200813EE8 /* TWDataWriteHelper.h */ = {isa = PBXFileReference; fileEncoding = 4; lastKnownFileType = sourcecode.c.h; path = TWDataWriteHelper.h; sourceTree = "<group>"; };
		312D5FCE1AFABD6200813EE8 /* TWDataWriteHelper.m */ = {isa = PBXFileReference; fileEncoding = 4; lastKnownFileType = sourcecode.c.objc; path = TWDataWriteHelper.m; sourceTree = "<group>"; };
		314529611AF0B3CB00C33BC1 /* TWCommonMacros.h */ = {isa = PBXFileReference; lastKnownFileType = sourcecode.c.h; path = TWCommonMacros.h; sourceTree = "<group>"; };
		318394801AED9E2A0077C079 /* TWCommonLib.app */ = {isa = PBXFileReference; explicitFileType = wrapper.application; includeInIndex = 0; path = TWCommonLib.app; sourceTree = BUILT_PRODUCTS_DIR; };
		318394841AED9E2A0077C079 /* Info.plist */ = {isa = PBXFileReference; lastKnownFileType = text.plist.xml; path = Info.plist; sourceTree = "<group>"; };
		318394851AED9E2A0077C079 /* main.m */ = {isa = PBXFileReference; lastKnownFileType = sourcecode.c.objc; name = main.m; path = ../Exclude/main.m; sourceTree = "<group>"; };
		318394871AED9E2A0077C079 /* AppDelegate.h */ = {isa = PBXFileReference; lastKnownFileType = sourcecode.c.h; name = AppDelegate.h; path = ../Exclude/AppDelegate.h; sourceTree = "<group>"; };
		318394881AED9E2A0077C079 /* AppDelegate.m */ = {isa = PBXFileReference; lastKnownFileType = sourcecode.c.objc; name = AppDelegate.m; path = ../Exclude/AppDelegate.m; sourceTree = "<group>"; };
		318394AB1AEDA1850077C079 /* TWArrayTableViewDataSource.h */ = {isa = PBXFileReference; fileEncoding = 4; lastKnownFileType = sourcecode.c.h; path = TWArrayTableViewDataSource.h; sourceTree = "<group>"; };
		318394AC1AEDA1850077C079 /* TWArrayTableViewDataSource.m */ = {isa = PBXFileReference; fileEncoding = 4; lastKnownFileType = sourcecode.c.objc; path = TWArrayTableViewDataSource.m; sourceTree = "<group>"; };
		318394AE1AEDA2010077C079 /* TWCommonTypes.h */ = {isa = PBXFileReference; lastKnownFileType = sourcecode.c.h; path = TWCommonTypes.h; sourceTree = "<group>"; };
		318394B01AEDA36B0077C079 /* PrefixHeader.pch */ = {isa = PBXFileReference; lastKnownFileType = sourcecode.c.h; name = PrefixHeader.pch; path = ../Exclude/PrefixHeader.pch; sourceTree = "<group>"; };
		318394B21AEDA85D0077C079 /* TWDispatchMacros.h */ = {isa = PBXFileReference; fileEncoding = 4; lastKnownFileType = sourcecode.c.h; path = TWDispatchMacros.h; sourceTree = "<group>"; };
		318394B31AEDA85D0077C079 /* TWDispatchMacros.m */ = {isa = PBXFileReference; fileEncoding = 4; lastKnownFileType = sourcecode.c.objc; path = TWDispatchMacros.m; sourceTree = "<group>"; };
		318394B71AEDA9E90077C079 /* TWSimpleTableViewDelegate.h */ = {isa = PBXFileReference; fileEncoding = 4; lastKnownFileType = sourcecode.c.h; path = TWSimpleTableViewDelegate.h; sourceTree = "<group>"; };
		318394B81AEDA9E90077C079 /* TWSimpleTableViewDelegate.m */ = {isa = PBXFileReference; fileEncoding = 4; lastKnownFileType = sourcecode.c.objc; path = TWSimpleTableViewDelegate.m; sourceTree = "<group>"; };
		318394BA1AEDAAA50077C079 /* TWCommonLib.h */ = {isa = PBXFileReference; lastKnownFileType = sourcecode.c.h; path = TWCommonLib.h; sourceTree = "<group>"; };
		318395001AF006080077C079 /* TWJSONHelper.h */ = {isa = PBXFileReference; fileEncoding = 4; lastKnownFileType = sourcecode.c.h; path = TWJSONHelper.h; sourceTree = "<group>"; };
		318395011AF006080077C079 /* TWJSONHelper.m */ = {isa = PBXFileReference; fileEncoding = 4; lastKnownFileType = sourcecode.c.objc; path = TWJSONHelper.m; sourceTree = "<group>"; };
		3194128B1AF40F5E00D676A3 /* TWSimpleTableViewDataSource.h */ = {isa = PBXFileReference; fileEncoding = 4; lastKnownFileType = sourcecode.c.h; path = TWSimpleTableViewDataSource.h; sourceTree = "<group>"; };
		3194128C1AF40F5E00D676A3 /* TWSimpleTableViewDataSource.m */ = {isa = PBXFileReference; fileEncoding = 4; lastKnownFileType = sourcecode.c.objc; path = TWSimpleTableViewDataSource.m; sourceTree = "<group>"; };
		319412911AF410AC00D676A3 /* TWSimpleTableViewCell.h */ = {isa = PBXFileReference; fileEncoding = 4; lastKnownFileType = sourcecode.c.h; path = TWSimpleTableViewCell.h; sourceTree = "<group>"; };
		319412921AF410AC00D676A3 /* TWSimpleTableViewCell.m */ = {isa = PBXFileReference; fileEncoding = 4; lastKnownFileType = sourcecode.c.objc; path = TWSimpleTableViewCell.m; sourceTree = "<group>"; };
		319412961AF412E000D676A3 /* libPods-KZAsserts.a */ = {isa = PBXFileReference; lastKnownFileType = archive.ar; name = "libPods-KZAsserts.a"; path = "Pods/build/Debug-iphoneos/libPods-KZAsserts.a"; sourceTree = "<group>"; };
		31BFFB621AF7C54600645566 /* TWOrientationChangeDelegate.h */ = {isa = PBXFileReference; lastKnownFileType = sourcecode.c.h; path = TWOrientationChangeDelegate.h; sourceTree = "<group>"; };
		31BFFB631AF7C5DC00645566 /* TWOrientationChangeDetectorUsingAccelerometer.h */ = {isa = PBXFileReference; fileEncoding = 4; lastKnownFileType = sourcecode.c.h; path = TWOrientationChangeDetectorUsingAccelerometer.h; sourceTree = "<group>"; };
		31BFFB641AF7C5DC00645566 /* TWOrientationChangeDetectorUsingAccelerometer.m */ = {isa = PBXFileReference; fileEncoding = 4; lastKnownFileType = sourcecode.c.objc; path = TWOrientationChangeDetectorUsingAccelerometer.m; sourceTree = "<group>"; };
		31BFFB731AF8349B00645566 /* TWMapKitHelper.h */ = {isa = PBXFileReference; fileEncoding = 4; lastKnownFileType = sourcecode.c.h; path = TWMapKitHelper.h; sourceTree = "<group>"; };
		31BFFB741AF8349B00645566 /* TWMapKitHelper.m */ = {isa = PBXFileReference; fileEncoding = 4; lastKnownFileType = sourcecode.c.objc; path = TWMapKitHelper.m; sourceTree = "<group>"; };
		31BFFB761AF834E700645566 /* MapKit.framework */ = {isa = PBXFileReference; lastKnownFileType = wrapper.framework; name = MapKit.framework; path = System/Library/Frameworks/MapKit.framework; sourceTree = SDKROOT; };
		31BFFB8B1AF9535000645566 /* TWItemsToSeguesMapping.h */ = {isa = PBXFileReference; fileEncoding = 4; lastKnownFileType = sourcecode.c.h; path = TWItemsToSeguesMapping.h; sourceTree = "<group>"; };
		31BFFB8C1AF9535000645566 /* TWItemsToSeguesMapping.m */ = {isa = PBXFileReference; fileEncoding = 4; lastKnownFileType = sourcecode.c.objc; path = TWItemsToSeguesMapping.m; sourceTree = "<group>"; };
		31BFFB991AF974AD00645566 /* NSLayoutConstraint+TWAnimations.h */ = {isa = PBXFileReference; fileEncoding = 4; lastKnownFileType = sourcecode.c.h; path = "NSLayoutConstraint+TWAnimations.h"; sourceTree = "<group>"; };
		31BFFB9A1AF974AD00645566 /* NSLayoutConstraint+TWAnimations.m */ = {isa = PBXFileReference; fileEncoding = 4; lastKnownFileType = sourcecode.c.objc; path = "NSLayoutConstraint+TWAnimations.m"; sourceTree = "<group>"; };
		31BFFB9D1AF9841B00645566 /* UIImagePickerController+TWCameraDeviceSwitching.h */ = {isa = PBXFileReference; fileEncoding = 4; lastKnownFileType = sourcecode.c.h; path = "UIImagePickerController+TWCameraDeviceSwitching.h"; sourceTree = "<group>"; };
		31BFFB9E1AF9841B00645566 /* UIImagePickerController+TWCameraDeviceSwitching.m */ = {isa = PBXFileReference; fileEncoding = 4; lastKnownFileType = sourcecode.c.objc; path = "UIImagePickerController+TWCameraDeviceSwitching.m"; sourceTree = "<group>"; };
		31D6459C1AFB6E63003B4262 /* TWAlertFactory.h */ = {isa = PBXFileReference; fileEncoding = 4; lastKnownFileType = sourcecode.c.h; path = TWAlertFactory.h; sourceTree = "<group>"; };
		31D6459D1AFB6E63003B4262 /* TWAlertFactory.m */ = {isa = PBXFileReference; fileEncoding = 4; lastKnownFileType = sourcecode.c.objc; path = TWAlertFactory.m; sourceTree = "<group>"; };
		31D645A91AFD4D55003B4262 /* TWRectangleMath.h */ = {isa = PBXFileReference; fileEncoding = 4; lastKnownFileType = sourcecode.c.h; path = TWRectangleMath.h; sourceTree = "<group>"; };
		31D645AA1AFD4D55003B4262 /* TWRectangleMath.m */ = {isa = PBXFileReference; fileEncoding = 4; lastKnownFileType = sourcecode.c.objc; path = TWRectangleMath.m; sourceTree = "<group>"; };
		31D645AC1AFD5B62003B4262 /* TWCommonFunctions.m */ = {isa = PBXFileReference; fileEncoding = 4; lastKnownFileType = sourcecode.c.objc; path = TWCommonFunctions.m; sourceTree = "<group>"; };
		31D645AD1AFD5B62003B4262 /* TWCommonFunctions.h */ = {isa = PBXFileReference; fileEncoding = 4; lastKnownFileType = sourcecode.c.h; path = TWCommonFunctions.h; sourceTree = "<group>"; };
		31D645B11AFD7121003B4262 /* TWCoordinateSystemConverter.h */ = {isa = PBXFileReference; fileEncoding = 4; lastKnownFileType = sourcecode.c.h; path = TWCoordinateSystemConverter.h; sourceTree = "<group>"; };
		31D645B21AFD7121003B4262 /* TWCoordinateSystemConverter.m */ = {isa = PBXFileReference; fileEncoding = 4; lastKnownFileType = sourcecode.c.objc; path = TWCoordinateSystemConverter.m; sourceTree = "<group>"; };
		31D645B41AFD77BD003B4262 /* UIImage+TWByOverlayingImage.h */ = {isa = PBXFileReference; fileEncoding = 4; lastKnownFileType = sourcecode.c.h; path = "UIImage+TWByOverlayingImage.h"; sourceTree = "<group>"; };
		31D645B51AFD77BD003B4262 /* UIImage+TWByOverlayingImage.m */ = {isa = PBXFileReference; fileEncoding = 4; lastKnownFileType = sourcecode.c.objc; path = "UIImage+TWByOverlayingImage.m"; sourceTree = "<group>"; };
		31D645BD1AFD7CFE003B4262 /* UIImage+TWCreateImage.h */ = {isa = PBXFileReference; fileEncoding = 4; lastKnownFileType = sourcecode.c.h; path = "UIImage+TWCreateImage.h"; sourceTree = "<group>"; };
		31D645BE1AFD7CFE003B4262 /* UIImage+TWCreateImage.m */ = {isa = PBXFileReference; fileEncoding = 4; lastKnownFileType = sourcecode.c.objc; path = "UIImage+TWCreateImage.m"; sourceTree = "<group>"; };
		31D645C51AFE55CE003B4262 /* TWUIImagePickerHelper.h */ = {isa = PBXFileReference; fileEncoding = 4; lastKnownFileType = sourcecode.c.h; path = TWUIImagePickerHelper.h; sourceTree = "<group>"; };
		31D645C61AFE55CE003B4262 /* TWUIImagePickerHelper.m */ = {isa = PBXFileReference; fileEncoding = 4; lastKnownFileType = sourcecode.c.objc; path = TWUIImagePickerHelper.m; sourceTree = "<group>"; };
		31D645C91AFE5896003B4262 /* UIImage+TWConvenience.h */ = {isa = PBXFileReference; fileEncoding = 4; lastKnownFileType = sourcecode.c.h; path = "UIImage+TWConvenience.h"; sourceTree = "<group>"; };
		31D645CA1AFE5896003B4262 /* UIImage+TWConvenience.m */ = {isa = PBXFileReference; fileEncoding = 4; lastKnownFileType = sourcecode.c.objc; path = "UIImage+TWConvenience.m"; sourceTree = "<group>"; };
		31D645CE1AFE5AF4003B4262 /* UIView+TWSizes.h */ = {isa = PBXFileReference; fileEncoding = 4; lastKnownFileType = sourcecode.c.h; path = "UIView+TWSizes.h"; sourceTree = "<group>"; };
		31D645CF1AFE5AF4003B4262 /* UIView+TWSizes.m */ = {isa = PBXFileReference; fileEncoding = 4; lastKnownFileType = sourcecode.c.objc; path = "UIView+TWSizes.m"; sourceTree = "<group>"; };
		31D645D91B0271D7003B4262 /* UIViewController+PerformSegueMapping.h */ = {isa = PBXFileReference; fileEncoding = 4; lastKnownFileType = sourcecode.c.h; path = "UIViewController+PerformSegueMapping.h"; sourceTree = "<group>"; };
		31D645DA1B0271D7003B4262 /* UIViewController+PerformSegueMapping.m */ = {isa = PBXFileReference; fileEncoding = 4; lastKnownFileType = sourcecode.c.objc; path = "UIViewController+PerformSegueMapping.m"; sourceTree = "<group>"; };
		31D6DACA1AFA258F00432340 /* TWOrientationChangeDetectorProtocol.h */ = {isa = PBXFileReference; fileEncoding = 4; lastKnownFileType = sourcecode.c.h; path = TWOrientationChangeDetectorProtocol.h; sourceTree = "<group>"; };
		31D6DACB1AFA27C100432340 /* CoreMotion.framework */ = {isa = PBXFileReference; lastKnownFileType = wrapper.framework; name = CoreMotion.framework; path = System/Library/Frameworks/CoreMotion.framework; sourceTree = SDKROOT; };
		52BB4109946864A804D4DF7F /* Pods.debug.xcconfig */ = {isa = PBXFileReference; includeInIndex = 1; lastKnownFileType = text.xcconfig; name = Pods.debug.xcconfig; path = "Pods/Target Support Files/Pods/Pods.debug.xcconfig"; sourceTree = "<group>"; };
		AE0F4A21293B1FD010B403D9 /* libPods-TWCommonLibTests.a */ = {isa = PBXFileReference; explicitFileType = archive.ar; includeInIndex = 0; path = "libPods-TWCommonLibTests.a"; sourceTree = BUILT_PRODUCTS_DIR; };
		AEB3EBAD61902C5B2B6A8F80 /* Pods-TWCommonLibTests.debug.xcconfig */ = {isa = PBXFileReference; includeInIndex = 1; lastKnownFileType = text.xcconfig; name = "Pods-TWCommonLibTests.debug.xcconfig"; path = "Pods/Target Support Files/Pods-TWCommonLibTests/Pods-TWCommonLibTests.debug.xcconfig"; sourceTree = "<group>"; };
		AECCAF1FCC57060D2E1C36CD /* Pods-TWCommonLibTests.release.xcconfig */ = {isa = PBXFileReference; includeInIndex = 1; lastKnownFileType = text.xcconfig; name = "Pods-TWCommonLibTests.release.xcconfig"; path = "Pods/Target Support Files/Pods-TWCommonLibTests/Pods-TWCommonLibTests.release.xcconfig"; sourceTree = "<group>"; };
		E3138C917A5D6846C5FBC483 /* libPods.a */ = {isa = PBXFileReference; explicitFileType = archive.ar; includeInIndex = 0; path = libPods.a; sourceTree = BUILT_PRODUCTS_DIR; };
/* End PBXFileReference section */

/* Begin PBXFrameworksBuildPhase section */
		311B7A031AF3F2A200E97FBC /* Frameworks */ = {
			isa = PBXFrameworksBuildPhase;
			buildActionMask = 2147483647;
			files = (
				31D6DACC1AFA27C100432340 /* CoreMotion.framework in Frameworks */,
				31BFFB771AF834E700645566 /* MapKit.framework in Frameworks */,
				319412971AF412E000D676A3 /* libPods-KZAsserts.a in Frameworks */,
				A86732DF40FAD105BED86FD5 /* libPods-TWCommonLibTests.a in Frameworks */,
			);
			runOnlyForDeploymentPostprocessing = 0;
		};
		3183947D1AED9E2A0077C079 /* Frameworks */ = {
			isa = PBXFrameworksBuildPhase;
			buildActionMask = 2147483647;
			files = (
				2191FDED734A6C8015795DDD /* libPods.a in Frameworks */,
			);
			runOnlyForDeploymentPostprocessing = 0;
		};
/* End PBXFrameworksBuildPhase section */

/* Begin PBXGroup section */
		3108E7811AF7B9F100E02C07 /* Observers */ = {
			isa = PBXGroup;
			children = (
				31BFFB611AF7C52E00645566 /* OrientationChangeDelegate */,
				31BFFB601AF7C51000645566 /* OrientationChange (accelerometer) */,
				3108E7821AF7B9FE00E02C07 /* OrientationChange (notification) */,
			);
			name = Observers;
			sourceTree = "<group>";
		};
		3108E7821AF7B9FE00E02C07 /* OrientationChange (notification) */ = {
			isa = PBXGroup;
			children = (
				3108E7831AF7BA3700E02C07 /* TWOrientationChangeDetector.h */,
				3108E7841AF7BA3700E02C07 /* TWOrientationChangeDetector.m */,
			);
			name = "OrientationChange (notification)";
			sourceTree = "<group>";
		};
		311B79E71AF0EA3B00E97FBC /* LocationUpdatesManager */ = {
			isa = PBXGroup;
			children = (
				311B79E81AF0EA7F00E97FBC /* TWLocationUpdatesManager.h */,
				311B79E91AF0EA7F00E97FBC /* TWLocationUpdatesManager.m */,
			);
			name = LocationUpdatesManager;
			sourceTree = "<group>";
		};
		311B79F11AF107E400E97FBC /* UIView */ = {
			isa = PBXGroup;
			children = (
				31D645CD1AFE5AC7003B4262 /* Sizes */,
				31D645CC1AFE5AC1003B4262 /* FadeAnimations */,
			);
			name = UIView;
			sourceTree = "<group>";
		};
		311B79F91AF1470500E97FBC /* ObjectLifetime */ = {
			isa = PBXGroup;
			children = (
				311B79FA1AF1471400E97FBC /* NSObject+TWObjectLifetime.h */,
				311B79FB1AF1471400E97FBC /* NSObject+TWObjectLifetime.m */,
			);
			name = ObjectLifetime;
			sourceTree = "<group>";
		};
		311B79FD1AF26F6B00E97FBC /* Categories */ = {
			isa = PBXGroup;
			children = (
				31BFFB981AF9748800645566 /* NSLayoutConstraint */,
				311B79FE1AF26F9000E97FBC /* NSSet */,
				31D645B71AFD7832003B4262 /* UIImage */,
				31BFFB9C1AF983EA00645566 /* UIImagePickerController */,
				311B79F11AF107E400E97FBC /* UIView */,
				31D645D81B0271A3003B4262 /* UIViewController */,
			);
			name = Categories;
			sourceTree = "<group>";
		};
		311B79FE1AF26F9000E97FBC /* NSSet */ = {
			isa = PBXGroup;
			children = (
				311B79FF1AF26FA200E97FBC /* NSSet+TWSetByRemoving.h */,
				311B7A001AF26FA200E97FBC /* NSSet+TWSetByRemoving.m */,
			);
			name = NSSet;
			sourceTree = "<group>";
		};
		311B7A071AF3F2A200E97FBC /* TWCommonLibTests */ = {
			isa = PBXGroup;
			children = (
				311B7A111AF3F68800E97FBC /* TestSpecs */,
				311B7A081AF3F2A200E97FBC /* Supporting Files */,
			);
			name = TWCommonLibTests;
			path = "TWCommonLib Tests";
			sourceTree = "<group>";
		};
		311B7A081AF3F2A200E97FBC /* Supporting Files */ = {
			isa = PBXGroup;
			children = (
				311B7A091AF3F2A200E97FBC /* Info.plist */,
			);
			name = "Supporting Files";
			sourceTree = "<group>";
		};
		311B7A111AF3F68800E97FBC /* TestSpecs */ = {
			isa = PBXGroup;
			children = (
				311B7A0A1AF3F2A300E97FBC /* SimpleTableViewSpec.m */,
			);
			name = TestSpecs;
			sourceTree = "<group>";
		};
		312D5FCC1AFABD5000813EE8 /* DataWriteHelper */ = {
			isa = PBXGroup;
			children = (
				312D5FCD1AFABD6200813EE8 /* TWDataWriteHelper.h */,
				312D5FCE1AFABD6200813EE8 /* TWDataWriteHelper.m */,
			);
			name = DataWriteHelper;
			sourceTree = "<group>";
		};
		318394771AED9E2A0077C079 = {
			isa = PBXGroup;
			children = (
				318394821AED9E2A0077C079 /* TWCommonLib */,
				311B7A071AF3F2A200E97FBC /* TWCommonLibTests */,
				318394811AED9E2A0077C079 /* Products */,
				5B4955590A51240DDED0D614 /* Pods */,
				3204F5FC6F235B183EDE0409 /* Frameworks */,
			);
			sourceTree = "<group>";
		};
		318394811AED9E2A0077C079 /* Products */ = {
			isa = PBXGroup;
			children = (
				318394801AED9E2A0077C079 /* TWCommonLib.app */,
				311B7A061AF3F2A200E97FBC /* TWCommonLibTests.xctest */,
			);
			name = Products;
			sourceTree = "<group>";
		};
		318394821AED9E2A0077C079 /* TWCommonLib */ = {
			isa = PBXGroup;
			children = (
				318394A91AED9EE50077C079 /* AppDelegate */,
				318394AA1AED9EEC0077C079 /* Classes */,
				318394AF1AEDA2050077C079 /* Headers */,
				318394FE1AF005E10077C079 /* Helpers */,
				31D645A81AFD4D3F003B4262 /* Math */,
				3194128E1AF4106A00D676A3 /* UI Components */,
				318394831AED9E2A0077C079 /* Supporting Files */,
			);
			path = TWCommonLib;
			sourceTree = "<group>";
		};
		318394831AED9E2A0077C079 /* Supporting Files */ = {
			isa = PBXGroup;
			children = (
				318394B01AEDA36B0077C079 /* PrefixHeader.pch */,
				318394841AED9E2A0077C079 /* Info.plist */,
				318394851AED9E2A0077C079 /* main.m */,
			);
			name = "Supporting Files";
			sourceTree = "<group>";
		};
		318394A91AED9EE50077C079 /* AppDelegate */ = {
			isa = PBXGroup;
			children = (
				318394871AED9E2A0077C079 /* AppDelegate.h */,
				318394881AED9E2A0077C079 /* AppDelegate.m */,
			);
			name = AppDelegate;
			sourceTree = "<group>";
		};
		318394AA1AED9EEC0077C079 /* Classes */ = {
			isa = PBXGroup;
			children = (
				318394B11AEDA8370077C079 /* DataSources */,
				318394B61AEDA9CC0077C079 /* Delegates */,
				318394B51AEDA8610077C079 /* DispatchMacros */,
				311B79E71AF0EA3B00E97FBC /* LocationUpdatesManager */,
				3108E7811AF7B9F100E02C07 /* Observers */,
			);
			name = Classes;
			sourceTree = "<group>";
		};
		318394AF1AEDA2050077C079 /* Headers */ = {
			isa = PBXGroup;
			children = (
				314529611AF0B3CB00C33BC1 /* TWCommonMacros.h */,
				318394AE1AEDA2010077C079 /* TWCommonTypes.h */,
				318394BA1AEDAAA50077C079 /* TWCommonLib.h */,
			);
			name = Headers;
			sourceTree = "<group>";
		};
		318394B11AEDA8370077C079 /* DataSources */ = {
			isa = PBXGroup;
			children = (
				319412891AF40F2400D676A3 /* ArrayTableView */,
				3194128A1AF40F3400D676A3 /* SimpleTableView */,
			);
			name = DataSources;
			sourceTree = "<group>";
		};
		318394B51AEDA8610077C079 /* DispatchMacros */ = {
			isa = PBXGroup;
			children = (
				318394B21AEDA85D0077C079 /* TWDispatchMacros.h */,
				318394B31AEDA85D0077C079 /* TWDispatchMacros.m */,
			);
			name = DispatchMacros;
			sourceTree = "<group>";
		};
		318394B61AEDA9CC0077C079 /* Delegates */ = {
			isa = PBXGroup;
			children = (
				318394B71AEDA9E90077C079 /* TWSimpleTableViewDelegate.h */,
				318394B81AEDA9E90077C079 /* TWSimpleTableViewDelegate.m */,
			);
			name = Delegates;
			sourceTree = "<group>";
		};
		318394FE1AF005E10077C079 /* Helpers */ = {
			isa = PBXGroup;
			children = (
				311B79FD1AF26F6B00E97FBC /* Categories */,
				31D645AF1AFD5BB5003B4262 /* CommonFunctions */,
				31D645B01AFD7105003B4262 /* CoordinateSystemConverter */,
				312D5FCC1AFABD5000813EE8 /* DataWriteHelper */,
				31D6459B1AFB6E51003B4262 /* Factories */,
				318394FF1AF005EE0077C079 /* JSONHelper */,
				31BFFB721AF8348900645566 /* MapKit */,
				31BFFB891AF9532E00645566 /* Mappings */,
				311B79F91AF1470500E97FBC /* ObjectLifetime */,
				31D6DAC91AFA256600432340 /* Protocols */,
				31D645C41AFE55AD003B4262 /* ImagePickerHelper */,
			);
			name = Helpers;
			sourceTree = "<group>";
		};
		318394FF1AF005EE0077C079 /* JSONHelper */ = {
			isa = PBXGroup;
			children = (
				318395001AF006080077C079 /* TWJSONHelper.h */,
				318395011AF006080077C079 /* TWJSONHelper.m */,
			);
			name = JSONHelper;
			sourceTree = "<group>";
		};
		319412891AF40F2400D676A3 /* ArrayTableView */ = {
			isa = PBXGroup;
			children = (
				318394AB1AEDA1850077C079 /* TWArrayTableViewDataSource.h */,
				318394AC1AEDA1850077C079 /* TWArrayTableViewDataSource.m */,
			);
			name = ArrayTableView;
			sourceTree = "<group>";
		};
		3194128A1AF40F3400D676A3 /* SimpleTableView */ = {
			isa = PBXGroup;
			children = (
				3194128B1AF40F5E00D676A3 /* TWSimpleTableViewDataSource.h */,
				3194128C1AF40F5E00D676A3 /* TWSimpleTableViewDataSource.m */,
			);
			name = SimpleTableView;
			sourceTree = "<group>";
		};
		3194128E1AF4106A00D676A3 /* UI Components */ = {
			isa = PBXGroup;
			children = (
				3194128F1AF4107E00D676A3 /* Cells */,
			);
			name = "UI Components";
			sourceTree = "<group>";
		};
		3194128F1AF4107E00D676A3 /* Cells */ = {
			isa = PBXGroup;
			children = (
				319412901AF4108700D676A3 /* SimpleTableView */,
			);
			name = Cells;
			sourceTree = "<group>";
		};
		319412901AF4108700D676A3 /* SimpleTableView */ = {
			isa = PBXGroup;
			children = (
				319412911AF410AC00D676A3 /* TWSimpleTableViewCell.h */,
				319412921AF410AC00D676A3 /* TWSimpleTableViewCell.m */,
			);
			name = SimpleTableView;
			sourceTree = "<group>";
		};
		31BFFB601AF7C51000645566 /* OrientationChange (accelerometer) */ = {
			isa = PBXGroup;
			children = (
				31BFFB631AF7C5DC00645566 /* TWOrientationChangeDetectorUsingAccelerometer.h */,
				31BFFB641AF7C5DC00645566 /* TWOrientationChangeDetectorUsingAccelerometer.m */,
			);
			name = "OrientationChange (accelerometer)";
			sourceTree = "<group>";
		};
		31BFFB611AF7C52E00645566 /* OrientationChangeDelegate */ = {
			isa = PBXGroup;
			children = (
				31BFFB621AF7C54600645566 /* TWOrientationChangeDelegate.h */,
			);
			name = OrientationChangeDelegate;
			sourceTree = "<group>";
		};
		31BFFB721AF8348900645566 /* MapKit */ = {
			isa = PBXGroup;
			children = (
				31BFFB731AF8349B00645566 /* TWMapKitHelper.h */,
				31BFFB741AF8349B00645566 /* TWMapKitHelper.m */,
			);
			name = MapKit;
			sourceTree = "<group>";
		};
		31BFFB891AF9532E00645566 /* Mappings */ = {
			isa = PBXGroup;
			children = (
				31BFFB8A1AF9534000645566 /* TWItemsToSeguesMapping */,
			);
			name = Mappings;
			sourceTree = "<group>";
		};
		31BFFB8A1AF9534000645566 /* TWItemsToSeguesMapping */ = {
			isa = PBXGroup;
			children = (
				31BFFB8B1AF9535000645566 /* TWItemsToSeguesMapping.h */,
				31BFFB8C1AF9535000645566 /* TWItemsToSeguesMapping.m */,
			);
			name = TWItemsToSeguesMapping;
			sourceTree = "<group>";
		};
		31BFFB981AF9748800645566 /* NSLayoutConstraint */ = {
			isa = PBXGroup;
			children = (
				31BFFB991AF974AD00645566 /* NSLayoutConstraint+TWAnimations.h */,
				31BFFB9A1AF974AD00645566 /* NSLayoutConstraint+TWAnimations.m */,
			);
			name = NSLayoutConstraint;
			sourceTree = "<group>";
		};
		31BFFB9C1AF983EA00645566 /* UIImagePickerController */ = {
			isa = PBXGroup;
			children = (
				31BFFB9D1AF9841B00645566 /* UIImagePickerController+TWCameraDeviceSwitching.h */,
				31BFFB9E1AF9841B00645566 /* UIImagePickerController+TWCameraDeviceSwitching.m */,
			);
			name = UIImagePickerController;
			sourceTree = "<group>";
		};
		31D6459B1AFB6E51003B4262 /* Factories */ = {
			isa = PBXGroup;
			children = (
				31D6459C1AFB6E63003B4262 /* TWAlertFactory.h */,
				31D6459D1AFB6E63003B4262 /* TWAlertFactory.m */,
			);
			name = Factories;
			sourceTree = "<group>";
		};
		31D645A81AFD4D3F003B4262 /* Math */ = {
			isa = PBXGroup;
			children = (
				31D645A91AFD4D55003B4262 /* TWRectangleMath.h */,
				31D645AA1AFD4D55003B4262 /* TWRectangleMath.m */,
			);
			name = Math;
			sourceTree = "<group>";
		};
		31D645AF1AFD5BB5003B4262 /* CommonFunctions */ = {
			isa = PBXGroup;
			children = (
				31D645AD1AFD5B62003B4262 /* TWCommonFunctions.h */,
				31D645AC1AFD5B62003B4262 /* TWCommonFunctions.m */,
			);
			name = CommonFunctions;
			sourceTree = "<group>";
		};
		31D645B01AFD7105003B4262 /* CoordinateSystemConverter */ = {
			isa = PBXGroup;
			children = (
				31D645B11AFD7121003B4262 /* TWCoordinateSystemConverter.h */,
				31D645B21AFD7121003B4262 /* TWCoordinateSystemConverter.m */,
			);
			name = CoordinateSystemConverter;
			sourceTree = "<group>";
		};
		31D645B71AFD7832003B4262 /* UIImage */ = {
			isa = PBXGroup;
			children = (
				31D645C81AFE587A003B4262 /* Convenience */,
				31D645BB1AFD7CDE003B4262 /* CreateImage */,
				31D645BC1AFD7CE7003B4262 /* OverlayingImage */,
			);
			name = UIImage;
			sourceTree = "<group>";
		};
		31D645BB1AFD7CDE003B4262 /* CreateImage */ = {
			isa = PBXGroup;
			children = (
				31D645BD1AFD7CFE003B4262 /* UIImage+TWCreateImage.h */,
				31D645BE1AFD7CFE003B4262 /* UIImage+TWCreateImage.m */,
			);
			name = CreateImage;
			sourceTree = "<group>";
		};
		31D645BC1AFD7CE7003B4262 /* OverlayingImage */ = {
			isa = PBXGroup;
			children = (
				31D645B41AFD77BD003B4262 /* UIImage+TWByOverlayingImage.h */,
				31D645B51AFD77BD003B4262 /* UIImage+TWByOverlayingImage.m */,
			);
			name = OverlayingImage;
			sourceTree = "<group>";
		};
		31D645C41AFE55AD003B4262 /* ImagePickerHelper */ = {
			isa = PBXGroup;
			children = (
				31D645C51AFE55CE003B4262 /* TWUIImagePickerHelper.h */,
				31D645C61AFE55CE003B4262 /* TWUIImagePickerHelper.m */,
			);
			name = ImagePickerHelper;
			sourceTree = "<group>";
		};
		31D645C81AFE587A003B4262 /* Convenience */ = {
			isa = PBXGroup;
			children = (
				31D645C91AFE5896003B4262 /* UIImage+TWConvenience.h */,
				31D645CA1AFE5896003B4262 /* UIImage+TWConvenience.m */,
			);
			name = Convenience;
			sourceTree = "<group>";
		};
		31D645CC1AFE5AC1003B4262 /* FadeAnimations */ = {
			isa = PBXGroup;
			children = (
				311B79F21AF107F800E97FBC /* UIView+TWFadeAnimations.h */,
				311B79F31AF107F800E97FBC /* UIView+TWFadeAnimations.m */,
			);
			name = FadeAnimations;
			sourceTree = "<group>";
		};
		31D645CD1AFE5AC7003B4262 /* Sizes */ = {
			isa = PBXGroup;
			children = (
				31D645CE1AFE5AF4003B4262 /* UIView+TWSizes.h */,
				31D645CF1AFE5AF4003B4262 /* UIView+TWSizes.m */,
			);
			name = Sizes;
			sourceTree = "<group>";
		};
		31D645D81B0271A3003B4262 /* UIViewController */ = {
			isa = PBXGroup;
			children = (
				31D645D91B0271D7003B4262 /* UIViewController+PerformSegueMapping.h */,
				31D645DA1B0271D7003B4262 /* UIViewController+PerformSegueMapping.m */,
			);
			name = UIViewController;
			sourceTree = "<group>";
		};
		31D6DAC91AFA256600432340 /* Protocols */ = {
			isa = PBXGroup;
			children = (
				31D6DACA1AFA258F00432340 /* TWOrientationChangeDetectorProtocol.h */,
			);
			name = Protocols;
			sourceTree = "<group>";
		};
		3204F5FC6F235B183EDE0409 /* Frameworks */ = {
			isa = PBXGroup;
			children = (
				31D6DACB1AFA27C100432340 /* CoreMotion.framework */,
				31BFFB761AF834E700645566 /* MapKit.framework */,
				319412961AF412E000D676A3 /* libPods-KZAsserts.a */,
				E3138C917A5D6846C5FBC483 /* libPods.a */,
				AE0F4A21293B1FD010B403D9 /* libPods-TWCommonLibTests.a */,
			);
			name = Frameworks;
			sourceTree = "<group>";
		};
		5B4955590A51240DDED0D614 /* Pods */ = {
			isa = PBXGroup;
			children = (
				52BB4109946864A804D4DF7F /* Pods.debug.xcconfig */,
				3079B227CB46AFBD701DB7DC /* Pods.release.xcconfig */,
				AEB3EBAD61902C5B2B6A8F80 /* Pods-TWCommonLibTests.debug.xcconfig */,
				AECCAF1FCC57060D2E1C36CD /* Pods-TWCommonLibTests.release.xcconfig */,
			);
			name = Pods;
			sourceTree = "<group>";
		};
/* End PBXGroup section */

/* Begin PBXNativeTarget section */
		311B7A051AF3F2A200E97FBC /* TWCommonLibTests */ = {
			isa = PBXNativeTarget;
			buildConfigurationList = 311B7A0E1AF3F2A300E97FBC /* Build configuration list for PBXNativeTarget "TWCommonLibTests" */;
			buildPhases = (
				B7F184AE5D59F91AEBCDBC6C /* Check Pods Manifest.lock */,
				311B7A021AF3F2A200E97FBC /* Sources */,
				311B7A031AF3F2A200E97FBC /* Frameworks */,
				311B7A041AF3F2A200E97FBC /* Resources */,
				F636B692DA464C6B43683AE3 /* Copy Pods Resources */,
			);
			buildRules = (
			);
			dependencies = (
				311B7A0D1AF3F2A300E97FBC /* PBXTargetDependency */,
			);
			name = TWCommonLibTests;
			productName = "TWCommonLib Tests";
			productReference = 311B7A061AF3F2A200E97FBC /* TWCommonLibTests.xctest */;
			productType = "com.apple.product-type.bundle.unit-test";
		};
		3183947F1AED9E2A0077C079 /* TWCommonLib */ = {
			isa = PBXNativeTarget;
			buildConfigurationList = 318394A31AED9E2A0077C079 /* Build configuration list for PBXNativeTarget "TWCommonLib" */;
			buildPhases = (
				1A512928B78C54E210885563 /* Check Pods Manifest.lock */,
				3183947C1AED9E2A0077C079 /* Sources */,
				3183947D1AED9E2A0077C079 /* Frameworks */,
				3183947E1AED9E2A0077C079 /* Resources */,
				066A35C604374BF8F24DB5A4 /* Find unused imports */,
				7A3898079963CD1C39E64929 /* Copy Pods Resources */,
			);
			buildRules = (
			);
			dependencies = (
			);
			name = TWCommonLib;
			productName = TWCommonLib;
			productReference = 318394801AED9E2A0077C079 /* TWCommonLib.app */;
			productType = "com.apple.product-type.application";
		};
/* End PBXNativeTarget section */

/* Begin PBXProject section */
		318394781AED9E2A0077C079 /* Project object */ = {
			isa = PBXProject;
			attributes = {
				LastUpgradeCheck = 0610;
				ORGANIZATIONNAME = Synappse;
				TargetAttributes = {
					311B7A051AF3F2A200E97FBC = {
						CreatedOnToolsVersion = 6.1.1;
						TestTargetID = 3183947F1AED9E2A0077C079;
					};
					3183947F1AED9E2A0077C079 = {
						CreatedOnToolsVersion = 6.1.1;
					};
				};
			};
			buildConfigurationList = 3183947B1AED9E2A0077C079 /* Build configuration list for PBXProject "TWCommonLib" */;
			compatibilityVersion = "Xcode 3.2";
			developmentRegion = English;
			hasScannedForEncodings = 0;
			knownRegions = (
				en,
				Base,
			);
			mainGroup = 318394771AED9E2A0077C079;
			productRefGroup = 318394811AED9E2A0077C079 /* Products */;
			projectDirPath = "";
			projectRoot = "";
			targets = (
				3183947F1AED9E2A0077C079 /* TWCommonLib */,
				311B7A051AF3F2A200E97FBC /* TWCommonLibTests */,
			);
		};
/* End PBXProject section */

/* Begin PBXResourcesBuildPhase section */
		311B7A041AF3F2A200E97FBC /* Resources */ = {
			isa = PBXResourcesBuildPhase;
			buildActionMask = 2147483647;
			files = (
			);
			runOnlyForDeploymentPostprocessing = 0;
		};
		3183947E1AED9E2A0077C079 /* Resources */ = {
			isa = PBXResourcesBuildPhase;
			buildActionMask = 2147483647;
			files = (
			);
			runOnlyForDeploymentPostprocessing = 0;
		};
/* End PBXResourcesBuildPhase section */

/* Begin PBXShellScriptBuildPhase section */
		066A35C604374BF8F24DB5A4 /* Find unused imports */ = {
			isa = PBXShellScriptBuildPhase;
			buildActionMask = 2147483647;
			files = (
			);
			inputPaths = (
			);
			name = "Find unused imports";
			outputPaths = (
			);
			runOnlyForDeploymentPostprocessing = 0;
			shellPath = /bin/sh;
			shellScript = "/bin/sh \"/Users/wyszo/Library/Application Support/Developer/Shared/Xcode/Plug-ins/xcfui.xcplugin/Contents/Resources/fui_script.sh\" \"/Volumes/OS X Mavericks/Users/wyszo/Documents/Devel/PlayerAid/TWCommonLib/TWCommonLib\"";
		};
		1A512928B78C54E210885563 /* Check Pods Manifest.lock */ = {
			isa = PBXShellScriptBuildPhase;
			buildActionMask = 2147483647;
			files = (
			);
			inputPaths = (
			);
			name = "Check Pods Manifest.lock";
			outputPaths = (
			);
			runOnlyForDeploymentPostprocessing = 0;
			shellPath = /bin/sh;
			shellScript = "diff \"${PODS_ROOT}/../Podfile.lock\" \"${PODS_ROOT}/Manifest.lock\" > /dev/null\nif [[ $? != 0 ]] ; then\n    cat << EOM\nerror: The sandbox is not in sync with the Podfile.lock. Run 'pod install' or update your CocoaPods installation.\nEOM\n    exit 1\nfi\n";
			showEnvVarsInLog = 0;
		};
		7A3898079963CD1C39E64929 /* Copy Pods Resources */ = {
			isa = PBXShellScriptBuildPhase;
			buildActionMask = 2147483647;
			files = (
			);
			inputPaths = (
			);
			name = "Copy Pods Resources";
			outputPaths = (
			);
			runOnlyForDeploymentPostprocessing = 0;
			shellPath = /bin/sh;
			shellScript = "\"${SRCROOT}/Pods/Target Support Files/Pods/Pods-resources.sh\"\n";
			showEnvVarsInLog = 0;
		};
		B7F184AE5D59F91AEBCDBC6C /* Check Pods Manifest.lock */ = {
			isa = PBXShellScriptBuildPhase;
			buildActionMask = 2147483647;
			files = (
			);
			inputPaths = (
			);
			name = "Check Pods Manifest.lock";
			outputPaths = (
			);
			runOnlyForDeploymentPostprocessing = 0;
			shellPath = /bin/sh;
			shellScript = "diff \"${PODS_ROOT}/../Podfile.lock\" \"${PODS_ROOT}/Manifest.lock\" > /dev/null\nif [[ $? != 0 ]] ; then\n    cat << EOM\nerror: The sandbox is not in sync with the Podfile.lock. Run 'pod install' or update your CocoaPods installation.\nEOM\n    exit 1\nfi\n";
			showEnvVarsInLog = 0;
		};
		F636B692DA464C6B43683AE3 /* Copy Pods Resources */ = {
			isa = PBXShellScriptBuildPhase;
			buildActionMask = 2147483647;
			files = (
			);
			inputPaths = (
			);
			name = "Copy Pods Resources";
			outputPaths = (
			);
			runOnlyForDeploymentPostprocessing = 0;
			shellPath = /bin/sh;
			shellScript = "\"${SRCROOT}/Pods/Target Support Files/Pods-TWCommonLibTests/Pods-TWCommonLibTests-resources.sh\"\n";
			showEnvVarsInLog = 0;
		};
/* End PBXShellScriptBuildPhase section */

/* Begin PBXSourcesBuildPhase section */
		311B7A021AF3F2A200E97FBC /* Sources */ = {
			isa = PBXSourcesBuildPhase;
			buildActionMask = 2147483647;
			files = (
				319412941AF410AC00D676A3 /* TWSimpleTableViewCell.m in Sources */,
				311B7A0B1AF3F2A300E97FBC /* SimpleTableViewSpec.m in Sources */,
				319412981AF412FD00D676A3 /* TWSimpleTableViewDataSource.m in Sources */,
			);
			runOnlyForDeploymentPostprocessing = 0;
		};
		3183947C1AED9E2A0077C079 /* Sources */ = {
			isa = PBXSourcesBuildPhase;
			buildActionMask = 2147483647;
			files = (
				31BFFB9F1AF9841C00645566 /* UIImagePickerController+TWCameraDeviceSwitching.m in Sources */,
				3194128D1AF40F5E00D676A3 /* TWSimpleTableViewDataSource.m in Sources */,
				31D6459E1AFB6E63003B4262 /* TWAlertFactory.m in Sources */,
				318394891AED9E2A0077C079 /* AppDelegate.m in Sources */,
				3108E7851AF7BA3700E02C07 /* TWOrientationChangeDetector.m in Sources */,
				31BFFB751AF8349B00645566 /* TWMapKitHelper.m in Sources */,
				319412931AF410AC00D676A3 /* TWSimpleTableViewCell.m in Sources */,
				31D645BF1AFD7CFE003B4262 /* UIImage+TWCreateImage.m in Sources */,
				318395021AF006080077C079 /* TWJSONHelper.m in Sources */,
				311B79EA1AF0EA7F00E97FBC /* TWLocationUpdatesManager.m in Sources */,
				31D645C71AFE55CE003B4262 /* TWUIImagePickerHelper.m in Sources */,
				31BFFB9B1AF974AD00645566 /* NSLayoutConstraint+TWAnimations.m in Sources */,
				31BFFB651AF7C5DC00645566 /* TWOrientationChangeDetectorUsingAccelerometer.m in Sources */,
				31D645CB1AFE5896003B4262 /* UIImage+TWConvenience.m in Sources */,
				318394AD1AEDA1850077C079 /* TWArrayTableViewDataSource.m in Sources */,
				318394861AED9E2A0077C079 /* main.m in Sources */,
				31D645D01AFE5AF4003B4262 /* UIView+TWSizes.m in Sources */,
				318394B41AEDA85D0077C079 /* TWDispatchMacros.m in Sources */,
				31BFFB8D1AF9535000645566 /* TWItemsToSeguesMapping.m in Sources */,
				312D5FCF1AFABD6200813EE8 /* TWDataWriteHelper.m in Sources */,
				311B79FC1AF1471400E97FBC /* NSObject+TWObjectLifetime.m in Sources */,
				31D645AB1AFD4D55003B4262 /* TWRectangleMath.m in Sources */,
				31D645DB1B0271D7003B4262 /* UIViewController+PerformSegueMapping.m in Sources */,
				311B79F41AF107F800E97FBC /* UIView+TWFadeAnimations.m in Sources */,
				31D645B31AFD7121003B4262 /* TWCoordinateSystemConverter.m in Sources */,
				31D645AE1AFD5B62003B4262 /* TWCommonFunctions.m in Sources */,
				31D645B61AFD77BD003B4262 /* UIImage+TWByOverlayingImage.m in Sources */,
				318394B91AEDA9E90077C079 /* TWSimpleTableViewDelegate.m in Sources */,
				311B7A011AF26FA200E97FBC /* NSSet+TWSetByRemoving.m in Sources */,
			);
			runOnlyForDeploymentPostprocessing = 0;
		};
/* End PBXSourcesBuildPhase section */

/* Begin PBXTargetDependency section */
		311B7A0D1AF3F2A300E97FBC /* PBXTargetDependency */ = {
			isa = PBXTargetDependency;
			target = 3183947F1AED9E2A0077C079 /* TWCommonLib */;
			targetProxy = 311B7A0C1AF3F2A300E97FBC /* PBXContainerItemProxy */;
		};
/* End PBXTargetDependency section */

/* Begin XCBuildConfiguration section */
		311B7A0F1AF3F2A300E97FBC /* Debug */ = {
			isa = XCBuildConfiguration;
			baseConfigurationReference = AEB3EBAD61902C5B2B6A8F80 /* Pods-TWCommonLibTests.debug.xcconfig */;
			buildSettings = {
				BUNDLE_LOADER = "$(TEST_HOST)";
				FRAMEWORK_SEARCH_PATHS = (
					"$(SDKROOT)/Developer/Library/Frameworks",
					"$(inherited)",
				);
				GCC_PREPROCESSOR_DEFINITIONS = (
					"DEBUG=1",
					"$(inherited)",
				);
				INFOPLIST_FILE = "TWCommonLib Tests/Info.plist";
				IPHONEOS_DEPLOYMENT_TARGET = 8.1;
				LD_RUNPATH_SEARCH_PATHS = "$(inherited) @executable_path/Frameworks @loader_path/Frameworks";
				LIBRARY_SEARCH_PATHS = (
					"$(inherited)",
					"$(PROJECT_DIR)/Pods/build/Debug-iphoneos",
				);
				PRODUCT_NAME = "$(TARGET_NAME)";
				TEST_HOST = "";
			};
			name = Debug;
		};
		311B7A101AF3F2A300E97FBC /* Release */ = {
			isa = XCBuildConfiguration;
			baseConfigurationReference = AECCAF1FCC57060D2E1C36CD /* Pods-TWCommonLibTests.release.xcconfig */;
			buildSettings = {
				BUNDLE_LOADER = "$(TEST_HOST)";
				FRAMEWORK_SEARCH_PATHS = (
					"$(SDKROOT)/Developer/Library/Frameworks",
					"$(inherited)",
				);
				INFOPLIST_FILE = "TWCommonLib Tests/Info.plist";
				IPHONEOS_DEPLOYMENT_TARGET = 8.1;
				LD_RUNPATH_SEARCH_PATHS = "$(inherited) @executable_path/Frameworks @loader_path/Frameworks";
				LIBRARY_SEARCH_PATHS = (
					"$(inherited)",
					"$(PROJECT_DIR)/Pods/build/Debug-iphoneos",
				);
				PRODUCT_NAME = "$(TARGET_NAME)";
				TEST_HOST = "$(BUILT_PRODUCTS_DIR)/TWCommonLib.app/TWCommonLib";
			};
			name = Release;
		};
		318394A11AED9E2A0077C079 /* Debug */ = {
			isa = XCBuildConfiguration;
			buildSettings = {
				ALWAYS_SEARCH_USER_PATHS = NO;
				CLANG_CXX_LANGUAGE_STANDARD = "gnu++0x";
				CLANG_CXX_LIBRARY = "libc++";
				CLANG_ENABLE_MODULES = YES;
				CLANG_ENABLE_OBJC_ARC = YES;
				CLANG_WARN_BOOL_CONVERSION = YES;
				CLANG_WARN_CONSTANT_CONVERSION = YES;
				CLANG_WARN_DIRECT_OBJC_ISA_USAGE = YES_ERROR;
				CLANG_WARN_EMPTY_BODY = YES;
				CLANG_WARN_ENUM_CONVERSION = YES;
				CLANG_WARN_INT_CONVERSION = YES;
				CLANG_WARN_OBJC_ROOT_CLASS = YES_ERROR;
				CLANG_WARN_UNREACHABLE_CODE = YES;
				CLANG_WARN__DUPLICATE_METHOD_MATCH = YES;
				"CODE_SIGN_IDENTITY[sdk=iphoneos*]" = "iPhone Developer";
				COPY_PHASE_STRIP = NO;
				ENABLE_STRICT_OBJC_MSGSEND = YES;
				GCC_C_LANGUAGE_STANDARD = gnu99;
				GCC_DYNAMIC_NO_PIC = NO;
				GCC_OPTIMIZATION_LEVEL = 0;
				GCC_PREPROCESSOR_DEFINITIONS = (
					"DEBUG=1",
					"$(inherited)",
				);
				GCC_SYMBOLS_PRIVATE_EXTERN = NO;
				GCC_WARN_64_TO_32_BIT_CONVERSION = YES;
				GCC_WARN_ABOUT_RETURN_TYPE = YES_ERROR;
				GCC_WARN_UNDECLARED_SELECTOR = YES;
				GCC_WARN_UNINITIALIZED_AUTOS = YES_AGGRESSIVE;
				GCC_WARN_UNUSED_FUNCTION = YES;
				GCC_WARN_UNUSED_VARIABLE = YES;
				IPHONEOS_DEPLOYMENT_TARGET = 7.0;
				MTL_ENABLE_DEBUG_INFO = YES;
				ONLY_ACTIVE_ARCH = YES;
				SDKROOT = iphoneos;
			};
			name = Debug;
		};
		318394A21AED9E2A0077C079 /* Release */ = {
			isa = XCBuildConfiguration;
			buildSettings = {
				ALWAYS_SEARCH_USER_PATHS = NO;
				CLANG_CXX_LANGUAGE_STANDARD = "gnu++0x";
				CLANG_CXX_LIBRARY = "libc++";
				CLANG_ENABLE_MODULES = YES;
				CLANG_ENABLE_OBJC_ARC = YES;
				CLANG_WARN_BOOL_CONVERSION = YES;
				CLANG_WARN_CONSTANT_CONVERSION = YES;
				CLANG_WARN_DIRECT_OBJC_ISA_USAGE = YES_ERROR;
				CLANG_WARN_EMPTY_BODY = YES;
				CLANG_WARN_ENUM_CONVERSION = YES;
				CLANG_WARN_INT_CONVERSION = YES;
				CLANG_WARN_OBJC_ROOT_CLASS = YES_ERROR;
				CLANG_WARN_UNREACHABLE_CODE = YES;
				CLANG_WARN__DUPLICATE_METHOD_MATCH = YES;
				"CODE_SIGN_IDENTITY[sdk=iphoneos*]" = "iPhone Developer";
				COPY_PHASE_STRIP = YES;
				ENABLE_NS_ASSERTIONS = NO;
				ENABLE_STRICT_OBJC_MSGSEND = YES;
				GCC_C_LANGUAGE_STANDARD = gnu99;
				GCC_WARN_64_TO_32_BIT_CONVERSION = YES;
				GCC_WARN_ABOUT_RETURN_TYPE = YES_ERROR;
				GCC_WARN_UNDECLARED_SELECTOR = YES;
				GCC_WARN_UNINITIALIZED_AUTOS = YES_AGGRESSIVE;
				GCC_WARN_UNUSED_FUNCTION = YES;
				GCC_WARN_UNUSED_VARIABLE = YES;
				IPHONEOS_DEPLOYMENT_TARGET = 7.0;
				MTL_ENABLE_DEBUG_INFO = NO;
				SDKROOT = iphoneos;
				VALIDATE_PRODUCT = YES;
			};
			name = Release;
		};
		318394A41AED9E2A0077C079 /* Debug */ = {
			isa = XCBuildConfiguration;
			baseConfigurationReference = 52BB4109946864A804D4DF7F /* Pods.debug.xcconfig */;
			buildSettings = {
				GCC_PREFIX_HEADER = Exclude/PrefixHeader.pch;
				INFOPLIST_FILE = TWCommonLib/Info.plist;
				LD_RUNPATH_SEARCH_PATHS = "$(inherited) @executable_path/Frameworks";
				PRODUCT_NAME = "$(TARGET_NAME)";
			};
			name = Debug;
		};
		318394A51AED9E2A0077C079 /* Release */ = {
			isa = XCBuildConfiguration;
			baseConfigurationReference = 3079B227CB46AFBD701DB7DC /* Pods.release.xcconfig */;
			buildSettings = {
				GCC_PREFIX_HEADER = Exclude/PrefixHeader.pch;
				INFOPLIST_FILE = TWCommonLib/Info.plist;
				LD_RUNPATH_SEARCH_PATHS = "$(inherited) @executable_path/Frameworks";
				PRODUCT_NAME = "$(TARGET_NAME)";
			};
			name = Release;
		};
/* End XCBuildConfiguration section */

/* Begin XCConfigurationList section */
		311B7A0E1AF3F2A300E97FBC /* Build configuration list for PBXNativeTarget "TWCommonLibTests" */ = {
			isa = XCConfigurationList;
			buildConfigurations = (
				311B7A0F1AF3F2A300E97FBC /* Debug */,
				311B7A101AF3F2A300E97FBC /* Release */,
			);
			defaultConfigurationIsVisible = 0;
			defaultConfigurationName = Release;
		};
		3183947B1AED9E2A0077C079 /* Build configuration list for PBXProject "TWCommonLib" */ = {
			isa = XCConfigurationList;
			buildConfigurations = (
				318394A11AED9E2A0077C079 /* Debug */,
				318394A21AED9E2A0077C079 /* Release */,
			);
			defaultConfigurationIsVisible = 0;
			defaultConfigurationName = Release;
		};
		318394A31AED9E2A0077C079 /* Build configuration list for PBXNativeTarget "TWCommonLib" */ = {
			isa = XCConfigurationList;
			buildConfigurations = (
				318394A41AED9E2A0077C079 /* Debug */,
				318394A51AED9E2A0077C079 /* Release */,
			);
			defaultConfigurationIsVisible = 0;
			defaultConfigurationName = Release;
		};
/* End XCConfigurationList section */
	};
	rootObject = 318394781AED9E2A0077C079 /* Project object */;
}
